
Microsoft Visual Studio Solution File, Format Version 12.00
# Visual Studio 15
VisualStudioVersion = 15.0.27428.2043
MinimumVisualStudioVersion = 10.0.40219.1
Project("{FAE04EC0-301F-11D3-BF4B-00C04F79EFBC}") = "RestaurantReviewsModels", "RestaurantReviewsModels\RestaurantReviewsModels.csproj", "{DCB2441B-1213-41A2-975F-FD54FDD795B4}"
EndProject
Project("{FAE04EC0-301F-11D3-BF4B-00C04F79EFBC}") = "Repository", "Repository\Repository.csproj", "{8E1D60E1-02CA-4DBE-8C2F-AC4E939077E5}"
EndProject
Project("{FAE04EC0-301F-11D3-BF4B-00C04F79EFBC}") = "BusinessLogic", "BusinessLogic\BusinessLogic.csproj", "{F12EDB45-2C14-4F94-B054-FD1C474CD3ED}"
EndProject
Project("{FAE04EC0-301F-11D3-BF4B-00C04F79EFBC}") = "Client", "Client\Client.csproj", "{C532BDEA-16D9-4939-A6C9-420BCEE59CAF}"
EndProject
Global
	GlobalSection(SolutionConfigurationPlatforms) = preSolution
		Debug|Any CPU = Debug|Any CPU
		Release|Any CPU = Release|Any CPU
	EndGlobalSection
	GlobalSection(ProjectConfigurationPlatforms) = postSolution
		{DCB2441B-1213-41A2-975F-FD54FDD795B4}.Debug|Any CPU.ActiveCfg = Debug|Any CPU
		{DCB2441B-1213-41A2-975F-FD54FDD795B4}.Debug|Any CPU.Build.0 = Debug|Any CPU
		{DCB2441B-1213-41A2-975F-FD54FDD795B4}.Release|Any CPU.ActiveCfg = Release|Any CPU
		{DCB2441B-1213-41A2-975F-FD54FDD795B4}.Release|Any CPU.Build.0 = Release|Any CPU
		{8E1D60E1-02CA-4DBE-8C2F-AC4E939077E5}.Debug|Any CPU.ActiveCfg = Debug|Any CPU
		{8E1D60E1-02CA-4DBE-8C2F-AC4E939077E5}.Debug|Any CPU.Build.0 = Debug|Any CPU
		{8E1D60E1-02CA-4DBE-8C2F-AC4E939077E5}.Release|Any CPU.ActiveCfg = Release|Any CPU
		{8E1D60E1-02CA-4DBE-8C2F-AC4E939077E5}.Release|Any CPU.Build.0 = Release|Any CPU
		{F12EDB45-2C14-4F94-B054-FD1C474CD3ED}.Debug|Any CPU.ActiveCfg = Debug|Any CPU
		{F12EDB45-2C14-4F94-B054-FD1C474CD3ED}.Debug|Any CPU.Build.0 = Debug|Any CPU
		{F12EDB45-2C14-4F94-B054-FD1C474CD3ED}.Release|Any CPU.ActiveCfg = Release|Any CPU
		{F12EDB45-2C14-4F94-B054-FD1C474CD3ED}.Release|Any CPU.Build.0 = Release|Any CPU
		{C532BDEA-16D9-4939-A6C9-420BCEE59CAF}.Debug|Any CPU.ActiveCfg = Debug|Any CPU
		{C532BDEA-16D9-4939-A6C9-420BCEE59CAF}.Debug|Any CPU.Build.0 = Debug|Any CPU
		{C532BDEA-16D9-4939-A6C9-420BCEE59CAF}.Release|Any CPU.ActiveCfg = Release|Any CPU
		{C532BDEA-16D9-4939-A6C9-420BCEE59CAF}.Release|Any CPU.Build.0 = Release|Any CPU
	EndGlobalSection
	GlobalSection(SolutionProperties) = preSolution
		HideSolutionNode = FALSE
	EndGlobalSection
	GlobalSection(ExtensibilityGlobals) = postSolution
		SolutionGuid = {5855D5AD-45E8-407D-A0AC-3C94682D789E}
	EndGlobalSection
EndGlobal
