
Microsoft Visual Studio Solution File, Format Version 12.00
# Visual Studio 15
VisualStudioVersion = 15.0.27428.2037
MinimumVisualStudioVersion = 10.0.40219.1
Project("{FAE04EC0-301F-11D3-BF4B-00C04F79EFBC}") = "RestaurantReviewsLibrary", "RestaurantReviews\RestaurantReviewsLibrary.csproj", "{E44D4EBD-8D9E-40C5-9A62-4E3FDE2160D7}"
EndProject
Project("{FAE04EC0-301F-11D3-BF4B-00C04F79EFBC}") = "RestaurantReviewsTests", "RestaurantReviewsTests\RestaurantReviewsTests.csproj", "{1E33A302-01D0-44F8-B46A-EEC86A6221BC}"
EndProject
Global
	GlobalSection(SolutionConfigurationPlatforms) = preSolution
		Debug|Any CPU = Debug|Any CPU
		Release|Any CPU = Release|Any CPU
	EndGlobalSection
	GlobalSection(ProjectConfigurationPlatforms) = postSolution
		{E44D4EBD-8D9E-40C5-9A62-4E3FDE2160D7}.Debug|Any CPU.ActiveCfg = Debug|Any CPU
		{E44D4EBD-8D9E-40C5-9A62-4E3FDE2160D7}.Debug|Any CPU.Build.0 = Debug|Any CPU
		{E44D4EBD-8D9E-40C5-9A62-4E3FDE2160D7}.Release|Any CPU.ActiveCfg = Release|Any CPU
		{E44D4EBD-8D9E-40C5-9A62-4E3FDE2160D7}.Release|Any CPU.Build.0 = Release|Any CPU
		{1E33A302-01D0-44F8-B46A-EEC86A6221BC}.Debug|Any CPU.ActiveCfg = Debug|Any CPU
		{1E33A302-01D0-44F8-B46A-EEC86A6221BC}.Debug|Any CPU.Build.0 = Debug|Any CPU
		{1E33A302-01D0-44F8-B46A-EEC86A6221BC}.Release|Any CPU.ActiveCfg = Release|Any CPU
		{1E33A302-01D0-44F8-B46A-EEC86A6221BC}.Release|Any CPU.Build.0 = Release|Any CPU
	EndGlobalSection
	GlobalSection(SolutionProperties) = preSolution
		HideSolutionNode = FALSE
	EndGlobalSection
	GlobalSection(ExtensibilityGlobals) = postSolution
		SolutionGuid = {CDC6859F-958A-4DB3-9822-DDA4B606EFAF}
	EndGlobalSection
EndGlobal
